// !$*UTF8*$!
{
	archiveVersion = 1;
	classes = {
	};
	objectVersion = 46;
	objects = {

/* Begin PBXBuildFile section */
		91438B421EBF4225007B4721 /* main.m in Sources */ = {isa = PBXBuildFile; fileRef = 91438B411EBF4225007B4721 /* main.m */; };
		91438B451EBF4225007B4721 /* AppDelegate.m in Sources */ = {isa = PBXBuildFile; fileRef = 91438B441EBF4225007B4721 /* AppDelegate.m */; };
		91438B481EBF4225007B4721 /* ViewController.m in Sources */ = {isa = PBXBuildFile; fileRef = 91438B471EBF4225007B4721 /* ViewController.m */; };
		91438B4B1EBF4225007B4721 /* Main.storyboard in Resources */ = {isa = PBXBuildFile; fileRef = 91438B491EBF4225007B4721 /* Main.storyboard */; };
		91438B4D1EBF4225007B4721 /* Assets.xcassets in Resources */ = {isa = PBXBuildFile; fileRef = 91438B4C1EBF4225007B4721 /* Assets.xcassets */; };
		91438B501EBF4225007B4721 /* LaunchScreen.storyboard in Resources */ = {isa = PBXBuildFile; fileRef = 91438B4E1EBF4225007B4721 /* LaunchScreen.storyboard */; };
		91438B791EBF4237007B4721 /* NSArray+CLObjcSugar.m in Sources */ = {isa = PBXBuildFile; fileRef = 91438B5A1EBF4237007B4721 /* NSArray+CLObjcSugar.m */; };
		91438B7A1EBF4237007B4721 /* NSArray+Log.m in Sources */ = {isa = PBXBuildFile; fileRef = 91438B5C1EBF4237007B4721 /* NSArray+Log.m */; };
		91438B7B1EBF4237007B4721 /* NSAttributedString+CLObjcSugar.m in Sources */ = {isa = PBXBuildFile; fileRef = 91438B5E1EBF4237007B4721 /* NSAttributedString+CLObjcSugar.m */; };
		91438B7C1EBF4237007B4721 /* NSBundle+CLObjcSugar.m in Sources */ = {isa = PBXBuildFile; fileRef = 91438B601EBF4237007B4721 /* NSBundle+CLObjcSugar.m */; };
		91438B7D1EBF4237007B4721 /* NSDate+CLObjcSugar.m in Sources */ = {isa = PBXBuildFile; fileRef = 91438B621EBF4237007B4721 /* NSDate+CLObjcSugar.m */; };
		91438B7E1EBF4237007B4721 /* NSObject+CLObjcSugar.m in Sources */ = {isa = PBXBuildFile; fileRef = 91438B641EBF4237007B4721 /* NSObject+CLObjcSugar.m */; };
		91438B7F1EBF4237007B4721 /* NSString+CLObjcSugar.m in Sources */ = {isa = PBXBuildFile; fileRef = 91438B661EBF4237007B4721 /* NSString+CLObjcSugar.m */; };
		91438B801EBF4237007B4721 /* UIButton+CLObjcSugar.m in Sources */ = {isa = PBXBuildFile; fileRef = 91438B681EBF4237007B4721 /* UIButton+CLObjcSugar.m */; };
		91438B811EBF4237007B4721 /* UIColor+CLObjcSugar.m in Sources */ = {isa = PBXBuildFile; fileRef = 91438B6A1EBF4237007B4721 /* UIColor+CLObjcSugar.m */; };
		91438B821EBF4237007B4721 /* UIImage+CLObjcSugar.m in Sources */ = {isa = PBXBuildFile; fileRef = 91438B6C1EBF4237007B4721 /* UIImage+CLObjcSugar.m */; };
		91438B831EBF4237007B4721 /* UILabel+CLObjcSugar.m in Sources */ = {isa = PBXBuildFile; fileRef = 91438B6E1EBF4237007B4721 /* UILabel+CLObjcSugar.m */; };
		91438B841EBF4237007B4721 /* UINavigationController+CLObjcSugar.m in Sources */ = {isa = PBXBuildFile; fileRef = 91438B701EBF4237007B4721 /* UINavigationController+CLObjcSugar.m */; };
		91438B851EBF4237007B4721 /* UIScreen+CLObjcSugar.m in Sources */ = {isa = PBXBuildFile; fileRef = 91438B721EBF4237007B4721 /* UIScreen+CLObjcSugar.m */; };
		91438B861EBF4237007B4721 /* UITextField+CLObjcSugar.m in Sources */ = {isa = PBXBuildFile; fileRef = 91438B741EBF4237007B4721 /* UITextField+CLObjcSugar.m */; };
		91438B871EBF4237007B4721 /* UIView+CLObjcSugar.m in Sources */ = {isa = PBXBuildFile; fileRef = 91438B761EBF4237007B4721 /* UIView+CLObjcSugar.m */; };
		91438B881EBF4237007B4721 /* UIViewController+CLObjcSugar.m in Sources */ = {isa = PBXBuildFile; fileRef = 91438B781EBF4237007B4721 /* UIViewController+CLObjcSugar.m */; };
		91438C3A1EBF67DC007B4721 /* UIImageView+CLObjcSugar.m in Sources */ = {isa = PBXBuildFile; fileRef = 91438C391EBF67DC007B4721 /* UIImageView+CLObjcSugar.m */; };
		91438C3D1EBF6ADF007B4721 /* UIDevice+CLObjcSugar.m in Sources */ = {isa = PBXBuildFile; fileRef = 91438C3C1EBF6ADF007B4721 /* UIDevice+CLObjcSugar.m */; };
/* End PBXBuildFile section */

/* Begin PBXFileReference section */
		91438B3D1EBF4225007B4721 /* CLObjcSugar.app */ = {isa = PBXFileReference; explicitFileType = wrapper.application; includeInIndex = 0; path = CLObjcSugar.app; sourceTree = BUILT_PRODUCTS_DIR; };
		91438B411EBF4225007B4721 /* main.m */ = {isa = PBXFileReference; lastKnownFileType = sourcecode.c.objc; path = main.m; sourceTree = "<group>"; };
		91438B431EBF4225007B4721 /* AppDelegate.h */ = {isa = PBXFileReference; lastKnownFileType = sourcecode.c.h; path = AppDelegate.h; sourceTree = "<group>"; };
		91438B441EBF4225007B4721 /* AppDelegate.m */ = {isa = PBXFileReference; lastKnownFileType = sourcecode.c.objc; path = AppDelegate.m; sourceTree = "<group>"; };
		91438B461EBF4225007B4721 /* ViewController.h */ = {isa = PBXFileReference; lastKnownFileType = sourcecode.c.h; path = ViewController.h; sourceTree = "<group>"; };
		91438B471EBF4225007B4721 /* ViewController.m */ = {isa = PBXFileReference; lastKnownFileType = sourcecode.c.objc; path = ViewController.m; sourceTree = "<group>"; };
		91438B4A1EBF4225007B4721 /* Base */ = {isa = PBXFileReference; lastKnownFileType = file.storyboard; name = Base; path = Base.lproj/Main.storyboard; sourceTree = "<group>"; };
		91438B4C1EBF4225007B4721 /* Assets.xcassets */ = {isa = PBXFileReference; lastKnownFileType = folder.assetcatalog; path = Assets.xcassets; sourceTree = "<group>"; };
		91438B4F1EBF4225007B4721 /* Base */ = {isa = PBXFileReference; lastKnownFileType = file.storyboard; name = Base; path = Base.lproj/LaunchScreen.storyboard; sourceTree = "<group>"; };
		91438B511EBF4225007B4721 /* Info.plist */ = {isa = PBXFileReference; lastKnownFileType = text.plist.xml; path = Info.plist; sourceTree = "<group>"; };
		91438B581EBF4237007B4721 /* CLObjcSugar.h */ = {isa = PBXFileReference; fileEncoding = 4; lastKnownFileType = sourcecode.c.h; path = CLObjcSugar.h; sourceTree = "<group>"; };
		91438B591EBF4237007B4721 /* NSArray+CLObjcSugar.h */ = {isa = PBXFileReference; fileEncoding = 4; lastKnownFileType = sourcecode.c.h; path = "NSArray+CLObjcSugar.h"; sourceTree = "<group>"; };
		91438B5A1EBF4237007B4721 /* NSArray+CLObjcSugar.m */ = {isa = PBXFileReference; fileEncoding = 4; lastKnownFileType = sourcecode.c.objc; path = "NSArray+CLObjcSugar.m"; sourceTree = "<group>"; };
		91438B5B1EBF4237007B4721 /* NSArray+Log.h */ = {isa = PBXFileReference; fileEncoding = 4; lastKnownFileType = sourcecode.c.h; path = "NSArray+Log.h"; sourceTree = "<group>"; };
		91438B5C1EBF4237007B4721 /* NSArray+Log.m */ = {isa = PBXFileReference; fileEncoding = 4; lastKnownFileType = sourcecode.c.objc; path = "NSArray+Log.m"; sourceTree = "<group>"; };
		91438B5D1EBF4237007B4721 /* NSAttributedString+CLObjcSugar.h */ = {isa = PBXFileReference; fileEncoding = 4; lastKnownFileType = sourcecode.c.h; path = "NSAttributedString+CLObjcSugar.h"; sourceTree = "<group>"; };
		91438B5E1EBF4237007B4721 /* NSAttributedString+CLObjcSugar.m */ = {isa = PBXFileReference; fileEncoding = 4; lastKnownFileType = sourcecode.c.objc; path = "NSAttributedString+CLObjcSugar.m"; sourceTree = "<group>"; };
		91438B5F1EBF4237007B4721 /* NSBundle+CLObjcSugar.h */ = {isa = PBXFileReference; fileEncoding = 4; lastKnownFileType = sourcecode.c.h; path = "NSBundle+CLObjcSugar.h"; sourceTree = "<group>"; };
		91438B601EBF4237007B4721 /* NSBundle+CLObjcSugar.m */ = {isa = PBXFileReference; fileEncoding = 4; lastKnownFileType = sourcecode.c.objc; path = "NSBundle+CLObjcSugar.m"; sourceTree = "<group>"; };
		91438B611EBF4237007B4721 /* NSDate+CLObjcSugar.h */ = {isa = PBXFileReference; fileEncoding = 4; lastKnownFileType = sourcecode.c.h; path = "NSDate+CLObjcSugar.h"; sourceTree = "<group>"; };
		91438B621EBF4237007B4721 /* NSDate+CLObjcSugar.m */ = {isa = PBXFileReference; fileEncoding = 4; lastKnownFileType = sourcecode.c.objc; path = "NSDate+CLObjcSugar.m"; sourceTree = "<group>"; };
		91438B631EBF4237007B4721 /* NSObject+CLObjcSugar.h */ = {isa = PBXFileReference; fileEncoding = 4; lastKnownFileType = sourcecode.c.h; path = "NSObject+CLObjcSugar.h"; sourceTree = "<group>"; };
		91438B641EBF4237007B4721 /* NSObject+CLObjcSugar.m */ = {isa = PBXFileReference; fileEncoding = 4; lastKnownFileType = sourcecode.c.objc; path = "NSObject+CLObjcSugar.m"; sourceTree = "<group>"; };
		91438B651EBF4237007B4721 /* NSString+CLObjcSugar.h */ = {isa = PBXFileReference; fileEncoding = 4; lastKnownFileType = sourcecode.c.h; path = "NSString+CLObjcSugar.h"; sourceTree = "<group>"; };
		91438B661EBF4237007B4721 /* NSString+CLObjcSugar.m */ = {isa = PBXFileReference; fileEncoding = 4; lastKnownFileType = sourcecode.c.objc; path = "NSString+CLObjcSugar.m"; sourceTree = "<group>"; };
		91438B671EBF4237007B4721 /* UIButton+CLObjcSugar.h */ = {isa = PBXFileReference; fileEncoding = 4; lastKnownFileType = sourcecode.c.h; path = "UIButton+CLObjcSugar.h"; sourceTree = "<group>"; };
		91438B681EBF4237007B4721 /* UIButton+CLObjcSugar.m */ = {isa = PBXFileReference; fileEncoding = 4; lastKnownFileType = sourcecode.c.objc; path = "UIButton+CLObjcSugar.m"; sourceTree = "<group>"; };
		91438B691EBF4237007B4721 /* UIColor+CLObjcSugar.h */ = {isa = PBXFileReference; fileEncoding = 4; lastKnownFileType = sourcecode.c.h; path = "UIColor+CLObjcSugar.h"; sourceTree = "<group>"; };
		91438B6A1EBF4237007B4721 /* UIColor+CLObjcSugar.m */ = {isa = PBXFileReference; fileEncoding = 4; lastKnownFileType = sourcecode.c.objc; path = "UIColor+CLObjcSugar.m"; sourceTree = "<group>"; };
		91438B6B1EBF4237007B4721 /* UIImage+CLObjcSugar.h */ = {isa = PBXFileReference; fileEncoding = 4; lastKnownFileType = sourcecode.c.h; path = "UIImage+CLObjcSugar.h"; sourceTree = "<group>"; };
		91438B6C1EBF4237007B4721 /* UIImage+CLObjcSugar.m */ = {isa = PBXFileReference; fileEncoding = 4; lastKnownFileType = sourcecode.c.objc; path = "UIImage+CLObjcSugar.m"; sourceTree = "<group>"; wrapsLines = 0; };
		91438B6D1EBF4237007B4721 /* UILabel+CLObjcSugar.h */ = {isa = PBXFileReference; fileEncoding = 4; lastKnownFileType = sourcecode.c.h; path = "UILabel+CLObjcSugar.h"; sourceTree = "<group>"; };
		91438B6E1EBF4237007B4721 /* UILabel+CLObjcSugar.m */ = {isa = PBXFileReference; fileEncoding = 4; lastKnownFileType = sourcecode.c.objc; path = "UILabel+CLObjcSugar.m"; sourceTree = "<group>"; };
		91438B6F1EBF4237007B4721 /* UINavigationController+CLObjcSugar.h */ = {isa = PBXFileReference; fileEncoding = 4; lastKnownFileType = sourcecode.c.h; path = "UINavigationController+CLObjcSugar.h"; sourceTree = "<group>"; };
		91438B701EBF4237007B4721 /* UINavigationController+CLObjcSugar.m */ = {isa = PBXFileReference; fileEncoding = 4; lastKnownFileType = sourcecode.c.objc; path = "UINavigationController+CLObjcSugar.m"; sourceTree = "<group>"; };
		91438B711EBF4237007B4721 /* UIScreen+CLObjcSugar.h */ = {isa = PBXFileReference; fileEncoding = 4; lastKnownFileType = sourcecode.c.h; path = "UIScreen+CLObjcSugar.h"; sourceTree = "<group>"; };
		91438B721EBF4237007B4721 /* UIScreen+CLObjcSugar.m */ = {isa = PBXFileReference; fileEncoding = 4; lastKnownFileType = sourcecode.c.objc; path = "UIScreen+CLObjcSugar.m"; sourceTree = "<group>"; };
		91438B731EBF4237007B4721 /* UITextField+CLObjcSugar.h */ = {isa = PBXFileReference; fileEncoding = 4; lastKnownFileType = sourcecode.c.h; path = "UITextField+CLObjcSugar.h"; sourceTree = "<group>"; };
		91438B741EBF4237007B4721 /* UITextField+CLObjcSugar.m */ = {isa = PBXFileReference; fileEncoding = 4; lastKnownFileType = sourcecode.c.objc; path = "UITextField+CLObjcSugar.m"; sourceTree = "<group>"; };
		91438B751EBF4237007B4721 /* UIView+CLObjcSugar.h */ = {isa = PBXFileReference; fileEncoding = 4; lastKnownFileType = sourcecode.c.h; path = "UIView+CLObjcSugar.h"; sourceTree = "<group>"; };
		91438B761EBF4237007B4721 /* UIView+CLObjcSugar.m */ = {isa = PBXFileReference; fileEncoding = 4; lastKnownFileType = sourcecode.c.objc; path = "UIView+CLObjcSugar.m"; sourceTree = "<group>"; };
		91438B771EBF4237007B4721 /* UIViewController+CLObjcSugar.h */ = {isa = PBXFileReference; fileEncoding = 4; lastKnownFileType = sourcecode.c.h; path = "UIViewController+CLObjcSugar.h"; sourceTree = "<group>"; };
		91438B781EBF4237007B4721 /* UIViewController+CLObjcSugar.m */ = {isa = PBXFileReference; fileEncoding = 4; lastKnownFileType = sourcecode.c.objc; path = "UIViewController+CLObjcSugar.m"; sourceTree = "<group>"; };
		91438C381EBF67DC007B4721 /* UIImageView+CLObjcSugar.h */ = {isa = PBXFileReference; fileEncoding = 4; lastKnownFileType = sourcecode.c.h; path = "UIImageView+CLObjcSugar.h"; sourceTree = "<group>"; };
		91438C391EBF67DC007B4721 /* UIImageView+CLObjcSugar.m */ = {isa = PBXFileReference; fileEncoding = 4; lastKnownFileType = sourcecode.c.objc; path = "UIImageView+CLObjcSugar.m"; sourceTree = "<group>"; };
		91438C3B1EBF6ADF007B4721 /* UIDevice+CLObjcSugar.h */ = {isa = PBXFileReference; fileEncoding = 4; lastKnownFileType = sourcecode.c.h; path = "UIDevice+CLObjcSugar.h"; sourceTree = "<group>"; };
		91438C3C1EBF6ADF007B4721 /* UIDevice+CLObjcSugar.m */ = {isa = PBXFileReference; fileEncoding = 4; lastKnownFileType = sourcecode.c.objc; path = "UIDevice+CLObjcSugar.m"; sourceTree = "<group>"; };
/* End PBXFileReference section */

/* Begin PBXFrameworksBuildPhase section */
		91438B3A1EBF4225007B4721 /* Frameworks */ = {
			isa = PBXFrameworksBuildPhase;
			buildActionMask = 2147483647;
			files = (
			);
			runOnlyForDeploymentPostprocessing = 0;
		};
/* End PBXFrameworksBuildPhase section */

/* Begin PBXGroup section */
		91438B341EBF4225007B4721 = {
			isa = PBXGroup;
			children = (
				91438B3F1EBF4225007B4721 /* CLObjcSugar */,
				91438B3E1EBF4225007B4721 /* Products */,
			);
			sourceTree = "<group>";
		};
		91438B3E1EBF4225007B4721 /* Products */ = {
			isa = PBXGroup;
			children = (
				91438B3D1EBF4225007B4721 /* CLObjcSugar.app */,
			);
			name = Products;
			sourceTree = "<group>";
		};
		91438B3F1EBF4225007B4721 /* CLObjcSugar */ = {
			isa = PBXGroup;
			children = (
				91438B571EBF4237007B4721 /* ObjcSugar */,
				91438B431EBF4225007B4721 /* AppDelegate.h */,
				91438B441EBF4225007B4721 /* AppDelegate.m */,
				91438B461EBF4225007B4721 /* ViewController.h */,
				91438B471EBF4225007B4721 /* ViewController.m */,
				91438B491EBF4225007B4721 /* Main.storyboard */,
				91438B4C1EBF4225007B4721 /* Assets.xcassets */,
				91438B4E1EBF4225007B4721 /* LaunchScreen.storyboard */,
				91438B511EBF4225007B4721 /* Info.plist */,
				91438B401EBF4225007B4721 /* Supporting Files */,
			);
			path = CLObjcSugar;
			sourceTree = "<group>";
		};
		91438B401EBF4225007B4721 /* Supporting Files */ = {
			isa = PBXGroup;
			children = (
				91438B411EBF4225007B4721 /* main.m */,
			);
			name = "Supporting Files";
			sourceTree = "<group>";
		};
		91438B571EBF4237007B4721 /* ObjcSugar */ = {
			isa = PBXGroup;
			children = (
				91438B581EBF4237007B4721 /* CLObjcSugar.h */,
				91438B591EBF4237007B4721 /* NSArray+CLObjcSugar.h */,
				91438B5A1EBF4237007B4721 /* NSArray+CLObjcSugar.m */,
				91438B5B1EBF4237007B4721 /* NSArray+Log.h */,
				91438B5C1EBF4237007B4721 /* NSArray+Log.m */,
				91438B5D1EBF4237007B4721 /* NSAttributedString+CLObjcSugar.h */,
				91438B5E1EBF4237007B4721 /* NSAttributedString+CLObjcSugar.m */,
				91438B5F1EBF4237007B4721 /* NSBundle+CLObjcSugar.h */,
				91438B601EBF4237007B4721 /* NSBundle+CLObjcSugar.m */,
				91438B611EBF4237007B4721 /* NSDate+CLObjcSugar.h */,
				91438B621EBF4237007B4721 /* NSDate+CLObjcSugar.m */,
				91438B631EBF4237007B4721 /* NSObject+CLObjcSugar.h */,
				91438B641EBF4237007B4721 /* NSObject+CLObjcSugar.m */,
				91438B651EBF4237007B4721 /* NSString+CLObjcSugar.h */,
				91438B661EBF4237007B4721 /* NSString+CLObjcSugar.m */,
				91438B671EBF4237007B4721 /* UIButton+CLObjcSugar.h */,
				91438B681EBF4237007B4721 /* UIButton+CLObjcSugar.m */,
				91438B691EBF4237007B4721 /* UIColor+CLObjcSugar.h */,
				91438B6A1EBF4237007B4721 /* UIColor+CLObjcSugar.m */,
				91438B6B1EBF4237007B4721 /* UIImage+CLObjcSugar.h */,
				91438B6C1EBF4237007B4721 /* UIImage+CLObjcSugar.m */,
				91438C381EBF67DC007B4721 /* UIImageView+CLObjcSugar.h */,
				91438C391EBF67DC007B4721 /* UIImageView+CLObjcSugar.m */,
				91438B6D1EBF4237007B4721 /* UILabel+CLObjcSugar.h */,
				91438B6E1EBF4237007B4721 /* UILabel+CLObjcSugar.m */,
				91438B6F1EBF4237007B4721 /* UINavigationController+CLObjcSugar.h */,
				91438B701EBF4237007B4721 /* UINavigationController+CLObjcSugar.m */,
				91438B711EBF4237007B4721 /* UIScreen+CLObjcSugar.h */,
				91438B721EBF4237007B4721 /* UIScreen+CLObjcSugar.m */,
				91438B731EBF4237007B4721 /* UITextField+CLObjcSugar.h */,
				91438B741EBF4237007B4721 /* UITextField+CLObjcSugar.m */,
				91438B751EBF4237007B4721 /* UIView+CLObjcSugar.h */,
				91438B761EBF4237007B4721 /* UIView+CLObjcSugar.m */,
				91438B771EBF4237007B4721 /* UIViewController+CLObjcSugar.h */,
				91438B781EBF4237007B4721 /* UIViewController+CLObjcSugar.m */,
				91438C3B1EBF6ADF007B4721 /* UIDevice+CLObjcSugar.h */,
				91438C3C1EBF6ADF007B4721 /* UIDevice+CLObjcSugar.m */,
			);
			path = ObjcSugar;
			sourceTree = "<group>";
		};
/* End PBXGroup section */

/* Begin PBXNativeTarget section */
		91438B3C1EBF4225007B4721 /* CLObjcSugar */ = {
			isa = PBXNativeTarget;
			buildConfigurationList = 91438B541EBF4225007B4721 /* Build configuration list for PBXNativeTarget "CLObjcSugar" */;
			buildPhases = (
				91438B391EBF4225007B4721 /* Sources */,
				91438B3A1EBF4225007B4721 /* Frameworks */,
				91438B3B1EBF4225007B4721 /* Resources */,
			);
			buildRules = (
			);
			dependencies = (
			);
			name = CLObjcSugar;
			productName = CLObjcSugar;
			productReference = 91438B3D1EBF4225007B4721 /* CLObjcSugar.app */;
			productType = "com.apple.product-type.application";
		};
/* End PBXNativeTarget section */

/* Begin PBXProject section */
		91438B351EBF4225007B4721 /* Project object */ = {
			isa = PBXProject;
			attributes = {
				LastUpgradeCheck = 0830;
				ORGANIZATIONNAME = "夜猫子";
				TargetAttributes = {
					91438B3C1EBF4225007B4721 = {
						CreatedOnToolsVersion = 8.3.2;
						DevelopmentTeam = LHRH7ZU3X2;
						ProvisioningStyle = Automatic;
					};
				};
			};
			buildConfigurationList = 91438B381EBF4225007B4721 /* Build configuration list for PBXProject "CLObjcSugar" */;
			compatibilityVersion = "Xcode 3.2";
			developmentRegion = English;
			hasScannedForEncodings = 0;
			knownRegions = (
				en,
				Base,
			);
			mainGroup = 91438B341EBF4225007B4721;
			productRefGroup = 91438B3E1EBF4225007B4721 /* Products */;
			projectDirPath = "";
			projectRoot = "";
			targets = (
				91438B3C1EBF4225007B4721 /* CLObjcSugar */,
			);
		};
/* End PBXProject section */

/* Begin PBXResourcesBuildPhase section */
		91438B3B1EBF4225007B4721 /* Resources */ = {
			isa = PBXResourcesBuildPhase;
			buildActionMask = 2147483647;
			files = (
				91438B501EBF4225007B4721 /* LaunchScreen.storyboard in Resources */,
				91438B4D1EBF4225007B4721 /* Assets.xcassets in Resources */,
				91438B4B1EBF4225007B4721 /* Main.storyboard in Resources */,
			);
			runOnlyForDeploymentPostprocessing = 0;
		};
/* End PBXResourcesBuildPhase section */

/* Begin PBXSourcesBuildPhase section */
		91438B391EBF4225007B4721 /* Sources */ = {
			isa = PBXSourcesBuildPhase;
			buildActionMask = 2147483647;
			files = (
				91438B861EBF4237007B4721 /* UITextField+CLObjcSugar.m in Sources */,
				91438B831EBF4237007B4721 /* UILabel+CLObjcSugar.m in Sources */,
				91438B841EBF4237007B4721 /* UINavigationController+CLObjcSugar.m in Sources */,
				91438B801EBF4237007B4721 /* UIButton+CLObjcSugar.m in Sources */,
				91438B7D1EBF4237007B4721 /* NSDate+CLObjcSugar.m in Sources */,
				91438B7C1EBF4237007B4721 /* NSBundle+CLObjcSugar.m in Sources */,
				91438C3A1EBF67DC007B4721 /* UIImageView+CLObjcSugar.m in Sources */,
				91438B7A1EBF4237007B4721 /* NSArray+Log.m in Sources */,
				91438B481EBF4225007B4721 /* ViewController.m in Sources */,
				91438B7B1EBF4237007B4721 /* NSAttributedString+CLObjcSugar.m in Sources */,
				91438B821EBF4237007B4721 /* UIImage+CLObjcSugar.m in Sources */,
				91438B851EBF4237007B4721 /* UIScreen+CLObjcSugar.m in Sources */,
				91438C3D1EBF6ADF007B4721 /* UIDevice+CLObjcSugar.m in Sources */,
				91438B451EBF4225007B4721 /* AppDelegate.m in Sources */,
				91438B881EBF4237007B4721 /* UIViewController+CLObjcSugar.m in Sources */,
				91438B811EBF4237007B4721 /* UIColor+CLObjcSugar.m in Sources */,
				91438B7E1EBF4237007B4721 /* NSObject+CLObjcSugar.m in Sources */,
				91438B871EBF4237007B4721 /* UIView+CLObjcSugar.m in Sources */,
				91438B7F1EBF4237007B4721 /* NSString+CLObjcSugar.m in Sources */,
				91438B791EBF4237007B4721 /* NSArray+CLObjcSugar.m in Sources */,
				91438B421EBF4225007B4721 /* main.m in Sources */,
			);
			runOnlyForDeploymentPostprocessing = 0;
		};
/* End PBXSourcesBuildPhase section */

/* Begin PBXVariantGroup section */
		91438B491EBF4225007B4721 /* Main.storyboard */ = {
			isa = PBXVariantGroup;
			children = (
				91438B4A1EBF4225007B4721 /* Base */,
			);
			name = Main.storyboard;
			sourceTree = "<group>";
		};
		91438B4E1EBF4225007B4721 /* LaunchScreen.storyboard */ = {
			isa = PBXVariantGroup;
			children = (
				91438B4F1EBF4225007B4721 /* Base */,
			);
			name = LaunchScreen.storyboard;
			sourceTree = "<group>";
		};
/* End PBXVariantGroup section */

/* Begin XCBuildConfiguration section */
		91438B521EBF4225007B4721 /* Debug */ = {
			isa = XCBuildConfiguration;
			buildSettings = {
				ALWAYS_SEARCH_USER_PATHS = NO;
				CLANG_ANALYZER_NONNULL = YES;
				CLANG_ANALYZER_NUMBER_OBJECT_CONVERSION = YES_AGGRESSIVE;
				CLANG_CXX_LANGUAGE_STANDARD = "gnu++0x";
				CLANG_CXX_LIBRARY = "libc++";
				CLANG_ENABLE_MODULES = YES;
				CLANG_ENABLE_OBJC_ARC = YES;
				CLANG_WARN_BOOL_CONVERSION = YES;
				CLANG_WARN_CONSTANT_CONVERSION = YES;
				CLANG_WARN_DIRECT_OBJC_ISA_USAGE = YES_ERROR;
				CLANG_WARN_DOCUMENTATION_COMMENTS = YES;
				CLANG_WARN_EMPTY_BODY = YES;
				CLANG_WARN_ENUM_CONVERSION = YES;
				CLANG_WARN_INFINITE_RECURSION = YES;
				CLANG_WARN_INT_CONVERSION = YES;
				CLANG_WARN_OBJC_ROOT_CLASS = YES_ERROR;
				CLANG_WARN_SUSPICIOUS_MOVE = YES;
				CLANG_WARN_UNREACHABLE_CODE = YES;
				CLANG_WARN__DUPLICATE_METHOD_MATCH = YES;
				"CODE_SIGN_IDENTITY[sdk=iphoneos*]" = "iPhone Developer";
				COPY_PHASE_STRIP = NO;
				DEBUG_INFORMATION_FORMAT = dwarf;
				ENABLE_STRICT_OBJC_MSGSEND = YES;
				ENABLE_TESTABILITY = YES;
				GCC_C_LANGUAGE_STANDARD = gnu99;
				GCC_DYNAMIC_NO_PIC = NO;
				GCC_NO_COMMON_BLOCKS = YES;
				GCC_OPTIMIZATION_LEVEL = 0;
				GCC_PREPROCESSOR_DEFINITIONS = (
					"DEBUG=1",
					"$(inherited)",
				);
				GCC_WARN_64_TO_32_BIT_CONVERSION = YES;
				GCC_WARN_ABOUT_RETURN_TYPE = YES_ERROR;
				GCC_WARN_UNDECLARED_SELECTOR = YES;
				GCC_WARN_UNINITIALIZED_AUTOS = YES_AGGRESSIVE;
				GCC_WARN_UNUSED_FUNCTION = YES;
				GCC_WARN_UNUSED_VARIABLE = YES;
				IPHONEOS_DEPLOYMENT_TARGET = 10.3;
				MTL_ENABLE_DEBUG_INFO = YES;
				ONLY_ACTIVE_ARCH = YES;
				SDKROOT = iphoneos;
				TARGETED_DEVICE_FAMILY = "1,2";
			};
			name = Debug;
		};
		91438B531EBF4225007B4721 /* Release */ = {
			isa = XCBuildConfiguration;
			buildSettings = {
				ALWAYS_SEARCH_USER_PATHS = NO;
				CLANG_ANALYZER_NONNULL = YES;
				CLANG_ANALYZER_NUMBER_OBJECT_CONVERSION = YES_AGGRESSIVE;
				CLANG_CXX_LANGUAGE_STANDARD = "gnu++0x";
				CLANG_CXX_LIBRARY = "libc++";
				CLANG_ENABLE_MODULES = YES;
				CLANG_ENABLE_OBJC_ARC = YES;
				CLANG_WARN_BOOL_CONVERSION = YES;
				CLANG_WARN_CONSTANT_CONVERSION = YES;
				CLANG_WARN_DIRECT_OBJC_ISA_USAGE = YES_ERROR;
				CLANG_WARN_DOCUMENTATION_COMMENTS = YES;
				CLANG_WARN_EMPTY_BODY = YES;
				CLANG_WARN_ENUM_CONVERSION = YES;
				CLANG_WARN_INFINITE_RECURSION = YES;
				CLANG_WARN_INT_CONVERSION = YES;
				CLANG_WARN_OBJC_ROOT_CLASS = YES_ERROR;
				CLANG_WARN_SUSPICIOUS_MOVE = YES;
				CLANG_WARN_UNREACHABLE_CODE = YES;
				CLANG_WARN__DUPLICATE_METHOD_MATCH = YES;
				"CODE_SIGN_IDENTITY[sdk=iphoneos*]" = "iPhone Developer";
				COPY_PHASE_STRIP = NO;
				DEBUG_INFORMATION_FORMAT = "dwarf-with-dsym";
				ENABLE_NS_ASSERTIONS = NO;
				ENABLE_STRICT_OBJC_MSGSEND = YES;
				GCC_C_LANGUAGE_STANDARD = gnu99;
				GCC_NO_COMMON_BLOCKS = YES;
				GCC_WARN_64_TO_32_BIT_CONVERSION = YES;
				GCC_WARN_ABOUT_RETURN_TYPE = YES_ERROR;
				GCC_WARN_UNDECLARED_SELECTOR = YES;
				GCC_WARN_UNINITIALIZED_AUTOS = YES_AGGRESSIVE;
				GCC_WARN_UNUSED_FUNCTION = YES;
				GCC_WARN_UNUSED_VARIABLE = YES;
				IPHONEOS_DEPLOYMENT_TARGET = 10.3;
				MTL_ENABLE_DEBUG_INFO = NO;
				SDKROOT = iphoneos;
				TARGETED_DEVICE_FAMILY = "1,2";
				VALIDATE_PRODUCT = YES;
			};
			name = Release;
		};
		91438B551EBF4225007B4721 /* Debug */ = {
			isa = XCBuildConfiguration;
			buildSettings = {
				ASSETCATALOG_COMPILER_APPICON_NAME = AppIcon;
				DEVELOPMENT_TEAM = LHRH7ZU3X2;
				INFOPLIST_FILE = CLObjcSugar/Info.plist;
				LD_RUNPATH_SEARCH_PATHS = "$(inherited) @executable_path/Frameworks";
				PRODUCT_BUNDLE_IDENTIFIER = Chen.CLObjcSugar;
				PRODUCT_NAME = "$(TARGET_NAME)";
			};
			name = Debug;
		};
		91438B561EBF4225007B4721 /* Release */ = {
			isa = XCBuildConfiguration;
			buildSettings = {
				ASSETCATALOG_COMPILER_APPICON_NAME = AppIcon;
				DEVELOPMENT_TEAM = LHRH7ZU3X2;
				INFOPLIST_FILE = CLObjcSugar/Info.plist;
				LD_RUNPATH_SEARCH_PATHS = "$(inherited) @executable_path/Frameworks";
				PRODUCT_BUNDLE_IDENTIFIER = Chen.CLObjcSugar;
				PRODUCT_NAME = "$(TARGET_NAME)";
			};
			name = Release;
		};
/* End XCBuildConfiguration section */

/* Begin XCConfigurationList section */
		91438B381EBF4225007B4721 /* Build configuration list for PBXProject "CLObjcSugar" */ = {
			isa = XCConfigurationList;
			buildConfigurations = (
				91438B521EBF4225007B4721 /* Debug */,
				91438B531EBF4225007B4721 /* Release */,
			);
			defaultConfigurationIsVisible = 0;
			defaultConfigurationName = Release;
		};
		91438B541EBF4225007B4721 /* Build configuration list for PBXNativeTarget "CLObjcSugar" */ = {
			isa = XCConfigurationList;
			buildConfigurations = (
				91438B551EBF4225007B4721 /* Debug */,
				91438B561EBF4225007B4721 /* Release */,
			);
			defaultConfigurationIsVisible = 0;
			defaultConfigurationName = Release;
		};
/* End XCConfigurationList section */
	};
	rootObject = 91438B351EBF4225007B4721 /* Project object */;
}
